<?xml version="1.0" encoding="utf-8"?>
<Project ToolsVersion="4.0" xmlns="http://schemas.microsoft.com/developer/msbuild/2003">
  <ItemGroup>
    <CustomBuild Include="..\..\src\ravel.h" />
    <CustomBuild Include="..\..\src\dataCube.h" />
    <CustomBuild Include="..\Ravel\ravelControl.h" />
    <CustomBuild Include="..\..\src\ravelCairo.h" />
    <CustomBuild Include="..\..\src\filterCairo.h" />
    <CustomBuild Include="..\..\src\sortedVector.h" />
    <CustomBuild Include="..\..\src\splitMerge.h" />
  </ItemGroup>
</Project>